
Microsoft Visual Studio Solution File, Format Version 12.00
# Visual Studio Version 17
VisualStudioVersion = 17.11.35312.102
MinimumVisualStudioVersion = 10.0.40219.1
Project("{FAE04EC0-301F-11D3-BF4B-00C04F79EFBC}") = "BudgetBuddy", "BudgetBuddy\BudgetBuddy.csproj", "{9F1CE4EF-EFF0-4E0D-91DD-8BC308659818}"
EndProject
Global
	GlobalSection(SolutionConfigurationPlatforms) = preSolution
		Debug|Any CPU = Debug|Any CPU
		Release|Any CPU = Release|Any CPU
	EndGlobalSection
	GlobalSection(ProjectConfigurationPlatforms) = postSolution
		{9F1CE4EF-EFF0-4E0D-91DD-8BC308659818}.Debug|Any CPU.ActiveCfg = Debug|Any CPU
		{9F1CE4EF-EFF0-4E0D-91DD-8BC308659818}.Debug|Any CPU.Build.0 = Debug|Any CPU
		{9F1CE4EF-EFF0-4E0D-91DD-8BC308659818}.Release|Any CPU.ActiveCfg = Release|Any CPU
		{9F1CE4EF-EFF0-4E0D-91DD-8BC308659818}.Release|Any CPU.Build.0 = Release|Any CPU
	EndGlobalSection
	GlobalSection(SolutionProperties) = preSolution
		HideSolutionNode = FALSE
	EndGlobalSection
	GlobalSection(ExtensibilityGlobals) = postSolution
		SolutionGuid = {0E3C54B4-8331-4EC0-AB37-121FFF17EBC9}
	EndGlobalSection
EndGlobal
